{
    "_meta": {
        "hash": {
            "sha256": "b1c549154148a76937a5829dba6163cdb2dfa989b93f1a2c1d89f01cecd0e583"
        },
        "pipfile-spec": 6,
        "requires": {
            "python_full_version": "3.10.6",
            "python_version": "3.10"
        },
        "sources": [
            {
                "name": "pypi",
                "url": "https://pypi.org/simple",
                "verify_ssl": true
            }
        ]
    },
    "default": {
        "altgraph": {
            "hashes": [
                "sha256:ad33358114df7c9416cdb8fa1eaa5852166c505118717021c6a8c7c7abbd03dd",
                "sha256:c8ac1ca6772207179ed8003ce7687757c04b0b71536f81e2ac5755c6226458fe"
            ],
            "version": "==0.17.3"
        },
        "customtkinter": {
            "hashes": [
                "sha256:479ecdcfa91cd54d03be7c302612fcb3719df8928657bab5ea4a0a9e255e7099",
                "sha256:d475da11aeaf4edd83499ceffb9437614d47b2a3c5d41531d115a3ff942d7838"
            ],
            "index": "pypi",
            "version": "==4.6.3"
        },
        "darkdetect": {
            "hashes": [
                "sha256:3efe69f8ecd5f1b7f4fbb0d1d93f656b0e493c45cc49222380ffe2a529cbc866",
                "sha256:47be3cf5134432ddb616bbffc927237718407914993c82809983e7ccebf49013"
            ],
            "version": "==0.7.1"
        },
        "future": {
            "hashes": [
                "sha256:b1bead90b70cf6ec3f0710ae53a525360fa360d306a86583adc6bf83a4db537d"
            ],
            "markers": "python_version >= '2.6' and python_version not in '3.0, 3.1, 3.2, 3.3'",
            "version": "==0.18.2"
        },
        "pefile": {
            "hashes": [
                "sha256:a5488a3dd1fd021ce33f969780b88fe0f7eebb76eb20996d7318f307612a045b"
            ],
            "markers": "sys_platform == 'win32'",
            "version": "==2022.5.30"
        },
        "pyinstaller": {
            "hashes": [
                "sha256:04ecf805bde2ef25b8e3642410871e6747c22fa7254107f155b8cd179c2a13b6",
                "sha256:05df5d2b9ca645cc6ef61d8a85451d2aabe5501997f1f50cd94306fd6bc0485d",
                "sha256:0d167d57036219914188f1400427dd297b975707e78c32a5511191e607be920a",
                "sha256:181856ade585b090379ae26b7017dc2c30620e36e3a804b381417a6dc3b2a82b",
                "sha256:1b1e3b37a22fb36555d917f0c3dfb998159ff4af6d8fa7cc0074d630c6fe81ad",
                "sha256:32727232f446aa96e394f01b0c35b3de0dc3513c6ba3e26d1ef64c57edb1e9e5",
                "sha256:77888f52b61089caa0bee70809bbce9e9b1c613c88b6cb0742ff2a45f1511cbb",
                "sha256:865025b6809d777bb0f66d8f8ab50cc97dc3dbe0ff09a1ef1f2fd646432714fc",
                "sha256:d888db9afedff290d362ee296d30eb339abeba707ca1565916ce1cd5947131c3",
                "sha256:e026adc92c60158741d0bfca27eefaa2414801f61328cb84d0c88241fe8c2087",
                "sha256:eb083c25f711769af0898852ea30dcb727ba43990bbdf9ffbaa9c77a7bd0d720"
            ],
            "index": "pypi",
            "version": "==5.6.2"
        },
        "pyinstaller-hooks-contrib": {
            "hashes": [
                "sha256:91ecb30db757a8db8b6661d91d5df99e0998245f05f5cfaade0550922c7030a3",
                "sha256:e06d0881e599d94dc39c6ed1917f0ad9b1858a2478b9892faac18bd48bcdc2de"
            ],
            "markers": "python_version >= '3.7'",
            "version": "==2022.13"
        },
        "pywin32-ctypes": {
            "hashes": [
                "sha256:24ffc3b341d457d48e8922352130cf2644024a4ff09762a2261fd34c36ee5942",
                "sha256:9dc2d991b3479cc2df15930958b674a48a227d5361d413827a4cfd0b5876fc98"
            ],
            "markers": "sys_platform == 'win32'",
            "version": "==0.2.0"
        },
        "setuptools": {
            "hashes": [
                "sha256:57f6f22bde4e042978bcd50176fdb381d7c21a9efa4041202288d3737a0c6a54",
                "sha256:a7620757bf984b58deaf32fc8a4577a9bbc0850cf92c20e1ce41c38c19e5fb75"
            ],
            "markers": "python_version >= '3.7'",
            "version": "==65.6.3"
        }
    },
    "develop": {}
}
